
Microsoft Visual Studio Solution File, Format Version 12.00
# Visual Studio Version 17
VisualStudioVersion = 17.2.32516.85
MinimumVisualStudioVersion = 10.0.40219.1
Project("{FAE04EC0-301F-11D3-BF4B-00C04F79EFBC}") = "WebApplication1", "WebApplication1\WebApplication1.csproj", "{2053D502-EC45-4544-93AB-C4CF333409ED}"
EndProject
Global
	GlobalSection(SolutionConfigurationPlatforms) = preSolution
		Debug|Any CPU = Debug|Any CPU
		Release|Any CPU = Release|Any CPU
	EndGlobalSection
	GlobalSection(ProjectConfigurationPlatforms) = postSolution
		{2053D502-EC45-4544-93AB-C4CF333409ED}.Debug|Any CPU.ActiveCfg = Debug|Any CPU
		{2053D502-EC45-4544-93AB-C4CF333409ED}.Debug|Any CPU.Build.0 = Debug|Any CPU
		{2053D502-EC45-4544-93AB-C4CF333409ED}.Release|Any CPU.ActiveCfg = Release|Any CPU
		{2053D502-EC45-4544-93AB-C4CF333409ED}.Release|Any CPU.Build.0 = Release|Any CPU
	EndGlobalSection
	GlobalSection(SolutionProperties) = preSolution
		HideSolutionNode = FALSE
	EndGlobalSection
	GlobalSection(ExtensibilityGlobals) = postSolution
		SolutionGuid = {37192BAF-6068-48FC-9D2E-C3277B69174B}
	EndGlobalSection
EndGlobal
